
Microsoft Visual Studio Solution File, Format Version 12.00
# Visual Studio Version 17
VisualStudioVersion = 17.8.34316.72
MinimumVisualStudioVersion = 10.0.40219.1
Project("{FAE04EC0-301F-11D3-BF4B-00C04F79EFBC}") = "Example 6 ConsoleApp", "Example 6 ConsoleApp.csproj", "{3B67B86F-6748-4384-9EE1-6B66F5F04763}"
EndProject
Global
	GlobalSection(SolutionConfigurationPlatforms) = preSolution
		Debug|Any CPU = Debug|Any CPU
		Release|Any CPU = Release|Any CPU
	EndGlobalSection
	GlobalSection(ProjectConfigurationPlatforms) = postSolution
		{3B67B86F-6748-4384-9EE1-6B66F5F04763}.Debug|Any CPU.ActiveCfg = Debug|Any CPU
		{3B67B86F-6748-4384-9EE1-6B66F5F04763}.Debug|Any CPU.Build.0 = Debug|Any CPU
		{3B67B86F-6748-4384-9EE1-6B66F5F04763}.Release|Any CPU.ActiveCfg = Release|Any CPU
		{3B67B86F-6748-4384-9EE1-6B66F5F04763}.Release|Any CPU.Build.0 = Release|Any CPU
	EndGlobalSection
	GlobalSection(SolutionProperties) = preSolution
		HideSolutionNode = FALSE
	EndGlobalSection
	GlobalSection(ExtensibilityGlobals) = postSolution
		SolutionGuid = {EBF84D7D-5849-4BA2-B5B5-6894A50087B3}
	EndGlobalSection
EndGlobal
